
Microsoft Visual Studio Solution File, Format Version 12.00
# Visual Studio Version 17
VisualStudioVersion = 17.0.31903.59
MinimumVisualStudioVersion = 10.0.40219.1
Project("{2150E333-8FDC-42A3-9474-1A3956D46DE8}") = "framework", "framework", "{F1A1A1A1-1A1A-1A1A-1A1A-1A1A1A1A1A1A}"
EndProject
Project("{2150E333-8FDC-42A3-9474-1A3956D46DE8}") = "console-app", "console-app", "{C1C1C1C1-1C1C-1C1C-1C1C-1C1C1C1C1C1C}"
EndProject
Project("{2150E333-8FDC-42A3-9474-1A3956D46DE8}") = "windows-app", "windows-app", "{A1A1A1A1-1A1A-1A1A-1A1A-1A1A1A1A1A1A}"
EndProject
Project("{FAE04EC0-301F-11D3-BF4B-00C04F79EFBC}") = "LablabBean.Core", "framework\LablabBean.Core\LablabBean.Core.csproj", "{10000000-0000-0000-0000-000000000001}"
EndProject
Project("{FAE04EC0-301F-11D3-BF4B-00C04F79EFBC}") = "LablabBean.Infrastructure", "framework\LablabBean.Infrastructure\LablabBean.Infrastructure.csproj", "{10000000-0000-0000-0000-000000000002}"
EndProject
Project("{FAE04EC0-301F-11D3-BF4B-00C04F79EFBC}") = "LablabBean.Reactive", "framework\LablabBean.Reactive\LablabBean.Reactive.csproj", "{10000000-0000-0000-0000-000000000003}"
EndProject
Project("{FAE04EC0-301F-11D3-BF4B-00C04F79EFBC}") = "LablabBean.Game.Core", "framework\LablabBean.Game.Core\LablabBean.Game.Core.csproj", "{10000000-0000-0000-0000-000000000004}"
EndProject
Project("{FAE04EC0-301F-11D3-BF4B-00C04F79EFBC}") = "LablabBean.Game.TerminalUI", "framework\LablabBean.Game.TerminalUI\LablabBean.Game.TerminalUI.csproj", "{10000000-0000-0000-0000-000000000005}"
EndProject
Project("{FAE04EC0-301F-11D3-BF4B-00C04F79EFBC}") = "LablabBean.Game.SadConsole", "framework\LablabBean.Game.SadConsole\LablabBean.Game.SadConsole.csproj", "{10000000-0000-0000-0000-000000000006}"
EndProject
Project("{FAE04EC0-301F-11D3-BF4B-00C04F79EFBC}") = "LablabBean.Console", "console-app\LablabBean.Console\LablabBean.Console.csproj", "{20000000-0000-0000-0000-000000000001}"
EndProject
Project("{FAE04EC0-301F-11D3-BF4B-00C04F79EFBC}") = "LablabBean.Windows", "windows-app\LablabBean.Windows\LablabBean.Windows.csproj", "{30000000-0000-0000-0000-000000000001}"
EndProject
Project("{FAE04EC0-301F-11D3-BF4B-00C04F79EFBC}") = "LablabBean.Plugins.Contracts", "framework\LablabBean.Plugins.Contracts\LablabBean.Plugins.Contracts.csproj", "{ED2C41D4-3177-43A0-BDB4-B9D7315900D3}"
EndProject
Project("{FAE04EC0-301F-11D3-BF4B-00C04F79EFBC}") = "LablabBean.Plugins.Core", "framework\LablabBean.Plugins.Core\LablabBean.Plugins.Core.csproj", "{8991F22A-E659-4CE9-97A8-78AA7C288D3D}"
EndProject
Project("{2150E333-8FDC-42A3-9474-1A3956D46DE8}") = "examples", "examples", "{0C3AFD75-0FA0-44E6-B8CA-FF4E37D6C2DB}"
EndProject
Project("{FAE04EC0-301F-11D3-BF4B-00C04F79EFBC}") = "LablabBean.Plugin.Demo", "examples\LablabBean.Plugin.Demo\LablabBean.Plugin.Demo.csproj", "{AA98F38E-3612-4B1E-8A4B-4E362CF74F39}"
EndProject
Project("{FAE04EC0-301F-11D3-BF4B-00C04F79EFBC}") = "PluginTestHarness", "examples\PluginTestHarness\PluginTestHarness.csproj", "{537E4EE9-B51D-4E04-AB2E-B05A12A22C2D}"
EndProject
Project("{2150E333-8FDC-42A3-9474-1A3956D46DE8}") = "plugins", "plugins", "{646A8FB6-4A4C-4BFD-B205-CF090AB44AF4}"
EndProject
Project("{FAE04EC0-301F-11D3-BF4B-00C04F79EFBC}") = "LablabBean.Plugins.Inventory", "plugins\LablabBean.Plugins.Inventory\LablabBean.Plugins.Inventory.csproj", "{767D5044-2F32-403F-9D6F-0087177B6B37}"
EndProject
Project("{FAE04EC0-301F-11D3-BF4B-00C04F79EFBC}") = "InventoryPluginDemo", "examples\InventoryPluginDemo\InventoryPluginDemo.csproj", "{4D75AB69-E45F-4800-B2EA-B1B6EFF18D74}"
EndProject
Project("{FAE04EC0-301F-11D3-BF4B-00C04F79EFBC}") = "LablabBean.Plugins.StatusEffects", "plugins\LablabBean.Plugins.StatusEffects\LablabBean.Plugins.StatusEffects.csproj", "{C9D42C3E-ADB2-4F41-AFBD-C9A36638B6F2}"
EndProject
Global
	GlobalSection(SolutionConfigurationPlatforms) = preSolution
		Debug|Any CPU = Debug|Any CPU
		Release|Any CPU = Release|Any CPU
	EndGlobalSection
	GlobalSection(ProjectConfigurationPlatforms) = postSolution
		{10000000-0000-0000-0000-000000000001}.Debug|Any CPU.ActiveCfg = Debug|Any CPU
		{10000000-0000-0000-0000-000000000001}.Debug|Any CPU.Build.0 = Debug|Any CPU
		{10000000-0000-0000-0000-000000000001}.Release|Any CPU.ActiveCfg = Release|Any CPU
		{10000000-0000-0000-0000-000000000001}.Release|Any CPU.Build.0 = Release|Any CPU
		{10000000-0000-0000-0000-000000000002}.Debug|Any CPU.ActiveCfg = Debug|Any CPU
		{10000000-0000-0000-0000-000000000002}.Debug|Any CPU.Build.0 = Debug|Any CPU
		{10000000-0000-0000-0000-000000000002}.Release|Any CPU.ActiveCfg = Release|Any CPU
		{10000000-0000-0000-0000-000000000002}.Release|Any CPU.Build.0 = Release|Any CPU
		{10000000-0000-0000-0000-000000000003}.Debug|Any CPU.ActiveCfg = Debug|Any CPU
		{10000000-0000-0000-0000-000000000003}.Debug|Any CPU.Build.0 = Debug|Any CPU
		{10000000-0000-0000-0000-000000000003}.Release|Any CPU.ActiveCfg = Release|Any CPU
		{10000000-0000-0000-0000-000000000003}.Release|Any CPU.Build.0 = Release|Any CPU
		{10000000-0000-0000-0000-000000000004}.Debug|Any CPU.ActiveCfg = Debug|Any CPU
		{10000000-0000-0000-0000-000000000004}.Debug|Any CPU.Build.0 = Debug|Any CPU
		{10000000-0000-0000-0000-000000000004}.Release|Any CPU.ActiveCfg = Release|Any CPU
		{10000000-0000-0000-0000-000000000004}.Release|Any CPU.Build.0 = Release|Any CPU
		{10000000-0000-0000-0000-000000000005}.Debug|Any CPU.ActiveCfg = Debug|Any CPU
		{10000000-0000-0000-0000-000000000005}.Debug|Any CPU.Build.0 = Debug|Any CPU
		{10000000-0000-0000-0000-000000000005}.Release|Any CPU.ActiveCfg = Release|Any CPU
		{10000000-0000-0000-0000-000000000005}.Release|Any CPU.Build.0 = Release|Any CPU
		{10000000-0000-0000-0000-000000000006}.Debug|Any CPU.ActiveCfg = Debug|Any CPU
		{10000000-0000-0000-0000-000000000006}.Debug|Any CPU.Build.0 = Debug|Any CPU
		{10000000-0000-0000-0000-000000000006}.Release|Any CPU.ActiveCfg = Release|Any CPU
		{10000000-0000-0000-0000-000000000006}.Release|Any CPU.Build.0 = Release|Any CPU
		{20000000-0000-0000-0000-000000000001}.Debug|Any CPU.ActiveCfg = Debug|Any CPU
		{20000000-0000-0000-0000-000000000001}.Debug|Any CPU.Build.0 = Debug|Any CPU
		{20000000-0000-0000-0000-000000000001}.Release|Any CPU.ActiveCfg = Release|Any CPU
		{20000000-0000-0000-0000-000000000001}.Release|Any CPU.Build.0 = Release|Any CPU
		{30000000-0000-0000-0000-000000000001}.Debug|Any CPU.ActiveCfg = Debug|Any CPU
		{30000000-0000-0000-0000-000000000001}.Debug|Any CPU.Build.0 = Debug|Any CPU
		{30000000-0000-0000-0000-000000000001}.Release|Any CPU.ActiveCfg = Release|Any CPU
		{30000000-0000-0000-0000-000000000001}.Release|Any CPU.Build.0 = Release|Any CPU
		{ED2C41D4-3177-43A0-BDB4-B9D7315900D3}.Debug|Any CPU.ActiveCfg = Debug|Any CPU
		{ED2C41D4-3177-43A0-BDB4-B9D7315900D3}.Debug|Any CPU.Build.0 = Debug|Any CPU
		{ED2C41D4-3177-43A0-BDB4-B9D7315900D3}.Release|Any CPU.ActiveCfg = Release|Any CPU
		{ED2C41D4-3177-43A0-BDB4-B9D7315900D3}.Release|Any CPU.Build.0 = Release|Any CPU
		{8991F22A-E659-4CE9-97A8-78AA7C288D3D}.Debug|Any CPU.ActiveCfg = Debug|Any CPU
		{8991F22A-E659-4CE9-97A8-78AA7C288D3D}.Debug|Any CPU.Build.0 = Debug|Any CPU
		{8991F22A-E659-4CE9-97A8-78AA7C288D3D}.Release|Any CPU.ActiveCfg = Release|Any CPU
		{8991F22A-E659-4CE9-97A8-78AA7C288D3D}.Release|Any CPU.Build.0 = Release|Any CPU
		{AA98F38E-3612-4B1E-8A4B-4E362CF74F39}.Debug|Any CPU.ActiveCfg = Debug|Any CPU
		{AA98F38E-3612-4B1E-8A4B-4E362CF74F39}.Debug|Any CPU.Build.0 = Debug|Any CPU
		{AA98F38E-3612-4B1E-8A4B-4E362CF74F39}.Release|Any CPU.ActiveCfg = Release|Any CPU
		{AA98F38E-3612-4B1E-8A4B-4E362CF74F39}.Release|Any CPU.Build.0 = Release|Any CPU
		{537E4EE9-B51D-4E04-AB2E-B05A12A22C2D}.Debug|Any CPU.ActiveCfg = Debug|Any CPU
		{537E4EE9-B51D-4E04-AB2E-B05A12A22C2D}.Debug|Any CPU.Build.0 = Debug|Any CPU
		{537E4EE9-B51D-4E04-AB2E-B05A12A22C2D}.Release|Any CPU.ActiveCfg = Release|Any CPU
		{537E4EE9-B51D-4E04-AB2E-B05A12A22C2D}.Release|Any CPU.Build.0 = Release|Any CPU
		{767D5044-2F32-403F-9D6F-0087177B6B37}.Debug|Any CPU.ActiveCfg = Debug|Any CPU
		{767D5044-2F32-403F-9D6F-0087177B6B37}.Debug|Any CPU.Build.0 = Debug|Any CPU
		{767D5044-2F32-403F-9D6F-0087177B6B37}.Release|Any CPU.ActiveCfg = Release|Any CPU
		{767D5044-2F32-403F-9D6F-0087177B6B37}.Release|Any CPU.Build.0 = Release|Any CPU
		{4D75AB69-E45F-4800-B2EA-B1B6EFF18D74}.Debug|Any CPU.ActiveCfg = Debug|Any CPU
		{4D75AB69-E45F-4800-B2EA-B1B6EFF18D74}.Debug|Any CPU.Build.0 = Debug|Any CPU
		{4D75AB69-E45F-4800-B2EA-B1B6EFF18D74}.Release|Any CPU.ActiveCfg = Release|Any CPU
		{4D75AB69-E45F-4800-B2EA-B1B6EFF18D74}.Release|Any CPU.Build.0 = Release|Any CPU
		{C9D42C3E-ADB2-4F41-AFBD-C9A36638B6F2}.Debug|Any CPU.ActiveCfg = Debug|Any CPU
		{C9D42C3E-ADB2-4F41-AFBD-C9A36638B6F2}.Debug|Any CPU.Build.0 = Debug|Any CPU
		{C9D42C3E-ADB2-4F41-AFBD-C9A36638B6F2}.Release|Any CPU.ActiveCfg = Release|Any CPU
		{C9D42C3E-ADB2-4F41-AFBD-C9A36638B6F2}.Release|Any CPU.Build.0 = Release|Any CPU
	EndGlobalSection
	GlobalSection(NestedProjects) = preSolution
		{10000000-0000-0000-0000-000000000001} = {F1A1A1A1-1A1A-1A1A-1A1A-1A1A1A1A1A1A}
		{10000000-0000-0000-0000-000000000002} = {F1A1A1A1-1A1A-1A1A-1A1A-1A1A1A1A1A1A}
		{10000000-0000-0000-0000-000000000003} = {F1A1A1A1-1A1A-1A1A-1A1A-1A1A1A1A1A1A}
		{10000000-0000-0000-0000-000000000004} = {F1A1A1A1-1A1A-1A1A-1A1A-1A1A1A1A1A1A}
		{10000000-0000-0000-0000-000000000005} = {F1A1A1A1-1A1A-1A1A-1A1A-1A1A1A1A1A1A}
		{10000000-0000-0000-0000-000000000006} = {F1A1A1A1-1A1A-1A1A-1A1A-1A1A1A1A1A1A}
		{20000000-0000-0000-0000-000000000001} = {C1C1C1C1-1C1C-1C1C-1C1C-1C1C1C1C1C1C}
		{30000000-0000-0000-0000-000000000001} = {A1A1A1A1-1A1A-1A1A-1A1A-1A1A1A1A1A1A}
		{ED2C41D4-3177-43A0-BDB4-B9D7315900D3} = {F1A1A1A1-1A1A-1A1A-1A1A-1A1A1A1A1A1A}
		{8991F22A-E659-4CE9-97A8-78AA7C288D3D} = {F1A1A1A1-1A1A-1A1A-1A1A-1A1A1A1A1A1A}
		{AA98F38E-3612-4B1E-8A4B-4E362CF74F39} = {0C3AFD75-0FA0-44E6-B8CA-FF4E37D6C2DB}
		{537E4EE9-B51D-4E04-AB2E-B05A12A22C2D} = {0C3AFD75-0FA0-44E6-B8CA-FF4E37D6C2DB}
		{767D5044-2F32-403F-9D6F-0087177B6B37} = {646A8FB6-4A4C-4BFD-B205-CF090AB44AF4}
		{4D75AB69-E45F-4800-B2EA-B1B6EFF18D74} = {0C3AFD75-0FA0-44E6-B8CA-FF4E37D6C2DB}
		{C9D42C3E-ADB2-4F41-AFBD-C9A36638B6F2} = {646A8FB6-4A4C-4BFD-B205-CF090AB44AF4}
	EndGlobalSection
EndGlobal
