
Microsoft Visual Studio Solution File, Format Version 12.00
# Visual Studio Version 17
VisualStudioVersion = 17.0.31903.59
MinimumVisualStudioVersion = 10.0.40219.1
Project("{2150E333-8FDC-42A3-9474-1A3956D46DE8}") = "framework", "framework", "{F1A1A1A1-1A1A-1A1A-1A1A-1A1A1A1A1A1A}"
EndProject
Project("{2150E333-8FDC-42A3-9474-1A3956D46DE8}") = "console-app", "console-app", "{C1C1C1C1-1C1C-1C1C-1C1C-1C1C1C1C1C1C}"
EndProject
Project("{2150E333-8FDC-42A3-9474-1A3956D46DE8}") = "windows-app", "windows-app", "{A1A1A1A1-1A1A-1A1A-1A1A-1A1A1A1A1A1A}"
EndProject
Project("{FAE04EC0-301F-11D3-BF4B-00C04F79EFBC}") = "LablabBean.Core", "framework\LablabBean.Core\LablabBean.Core.csproj", "{10000000-0000-0000-0000-000000000001}"
EndProject
Project("{FAE04EC0-301F-11D3-BF4B-00C04F79EFBC}") = "LablabBean.Infrastructure", "framework\LablabBean.Infrastructure\LablabBean.Infrastructure.csproj", "{10000000-0000-0000-0000-000000000002}"
EndProject
Project("{FAE04EC0-301F-11D3-BF4B-00C04F79EFBC}") = "LablabBean.Reactive", "framework\LablabBean.Reactive\LablabBean.Reactive.csproj", "{10000000-0000-0000-0000-000000000003}"
EndProject
Project("{FAE04EC0-301F-11D3-BF4B-00C04F79EFBC}") = "LablabBean.Game.Core", "framework\LablabBean.Game.Core\LablabBean.Game.Core.csproj", "{10000000-0000-0000-0000-000000000004}"
EndProject
Project("{FAE04EC0-301F-11D3-BF4B-00C04F79EFBC}") = "LablabBean.Game.TerminalUI", "console-app\LablabBean.Game.TerminalUI\LablabBean.Game.TerminalUI.csproj", "{10000000-0000-0000-0000-000000000005}"
EndProject
Project("{FAE04EC0-301F-11D3-BF4B-00C04F79EFBC}") = "LablabBean.Game.SadConsole", "windows-app\LablabBean.Game.SadConsole\LablabBean.Game.SadConsole.csproj", "{10000000-0000-0000-0000-000000000006}"
EndProject
Project("{FAE04EC0-301F-11D3-BF4B-00C04F79EFBC}") = "LablabBean.Console", "console-app\LablabBean.Console\LablabBean.Console.csproj", "{20000000-0000-0000-0000-000000000001}"
EndProject
Project("{FAE04EC0-301F-11D3-BF4B-00C04F79EFBC}") = "LablabBean.Windows", "windows-app\LablabBean.Windows\LablabBean.Windows.csproj", "{30000000-0000-0000-0000-000000000001}"
EndProject
Project("{FAE04EC0-301F-11D3-BF4B-00C04F79EFBC}") = "LablabBean.Plugins.Contracts", "framework\LablabBean.Plugins.Contracts\LablabBean.Plugins.Contracts.csproj", "{ED2C41D4-3177-43A0-BDB4-B9D7315900D3}"
EndProject
Project("{FAE04EC0-301F-11D3-BF4B-00C04F79EFBC}") = "LablabBean.Plugins.Core", "framework\LablabBean.Plugins.Core\LablabBean.Plugins.Core.csproj", "{8991F22A-E659-4CE9-97A8-78AA7C288D3D}"
EndProject
Project("{2150E333-8FDC-42A3-9474-1A3956D46DE8}") = "examples", "examples", "{0C3AFD75-0FA0-44E6-B8CA-FF4E37D6C2DB}"
EndProject
Project("{FAE04EC0-301F-11D3-BF4B-00C04F79EFBC}") = "LablabBean.Plugin.Demo", "examples\LablabBean.Plugin.Demo\LablabBean.Plugin.Demo.csproj", "{AA98F38E-3612-4B1E-8A4B-4E362CF74F39}"
EndProject
Project("{FAE04EC0-301F-11D3-BF4B-00C04F79EFBC}") = "PluginTestHarness", "examples\PluginTestHarness\PluginTestHarness.csproj", "{537E4EE9-B51D-4E04-AB2E-B05A12A22C2D}"
EndProject
Project("{2150E333-8FDC-42A3-9474-1A3956D46DE8}") = "plugins", "plugins", "{646A8FB6-4A4C-4BFD-B205-CF090AB44AF4}"
EndProject
Project("{FAE04EC0-301F-11D3-BF4B-00C04F79EFBC}") = "LablabBean.Plugins.Inventory", "plugins\LablabBean.Plugins.Inventory\LablabBean.Plugins.Inventory.csproj", "{767D5044-2F32-403F-9D6F-0087177B6B37}"
EndProject
Project("{FAE04EC0-301F-11D3-BF4B-00C04F79EFBC}") = "InventoryPluginDemo", "examples\InventoryPluginDemo\InventoryPluginDemo.csproj", "{4D75AB69-E45F-4800-B2EA-B1B6EFF18D74}"
EndProject
Project("{FAE04EC0-301F-11D3-BF4B-00C04F79EFBC}") = "LablabBean.Plugins.StatusEffects", "plugins\LablabBean.Plugins.StatusEffects\LablabBean.Plugins.StatusEffects.csproj", "{C9D42C3E-ADB2-4F41-AFBD-C9A36638B6F2}"
EndProject
Project("{FAE04EC0-301F-11D3-BF4B-00C04F79EFBC}") = "LablabBean.Contracts.Scene", "framework\LablabBean.Contracts.Scene\LablabBean.Contracts.Scene.csproj", "{A302446B-1F85-473F-B2A1-12D6253D30C3}"
EndProject
Project("{FAE04EC0-301F-11D3-BF4B-00C04F79EFBC}") = "LablabBean.Contracts.Input", "framework\LablabBean.Contracts.Input\LablabBean.Contracts.Input.csproj", "{28C63563-8899-42E9-9790-A60923B7F89D}"
EndProject
Project("{FAE04EC0-301F-11D3-BF4B-00C04F79EFBC}") = "LablabBean.Contracts.Config", "framework\LablabBean.Contracts.Config\LablabBean.Contracts.Config.csproj", "{7F22D0C8-66AC-4CC1-9F47-353738484294}"
EndProject
Project("{FAE04EC0-301F-11D3-BF4B-00C04F79EFBC}") = "LablabBean.Contracts.Resource", "framework\LablabBean.Contracts.Resource\LablabBean.Contracts.Resource.csproj", "{C4180F6C-BD98-4A0E-8767-C67C1D69F855}"
EndProject
Project("{2150E333-8FDC-42A3-9474-1A3956D46DE8}") = "tests", "tests", "{83F45A0E-898B-450E-B071-7804E854933A}"
EndProject
Project("{FAE04EC0-301F-11D3-BF4B-00C04F79EFBC}") = "LablabBean.Contracts.Scene.Tests", "framework\tests\LablabBean.Contracts.Scene.Tests\LablabBean.Contracts.Scene.Tests.csproj", "{A502DA31-A904-4C2B-8D38-E6015D141ED3}"
EndProject
Project("{FAE04EC0-301F-11D3-BF4B-00C04F79EFBC}") = "LablabBean.Contracts.Input.Tests", "framework\tests\LablabBean.Contracts.Input.Tests\LablabBean.Contracts.Input.Tests.csproj", "{E8E18A04-50E3-4FA7-A2B4-280E122B28BA}"
EndProject
Project("{FAE04EC0-301F-11D3-BF4B-00C04F79EFBC}") = "LablabBean.Contracts.Config.Tests", "framework\tests\LablabBean.Contracts.Config.Tests\LablabBean.Contracts.Config.Tests.csproj", "{75271F7B-9E6D-46C9-94FA-C72F5D8D7BFC}"
EndProject
Project("{FAE04EC0-301F-11D3-BF4B-00C04F79EFBC}") = "LablabBean.Contracts.Resource.Tests", "framework\tests\LablabBean.Contracts.Resource.Tests\LablabBean.Contracts.Resource.Tests.csproj", "{8D631306-B565-46C8-BA89-27EE7C03998D}"
EndProject
Project("{FAE04EC0-301F-11D3-BF4B-00C04F79EFBC}") = "LablabBean.Reporting.Integration.Tests", "tests\LablabBean.Reporting.Integration.Tests\LablabBean.Reporting.Integration.Tests.csproj", "{E545E98B-588B-41D5-BAD2-63A6FA4BC7EC}"
EndProject
Project("{FAE04EC0-301F-11D3-BF4B-00C04F79EFBC}") = "LablabBean.Plugins.SceneLoader", "plugins\LablabBean.Plugins.SceneLoader\LablabBean.Plugins.SceneLoader.csproj", "{4BB82247-356D-4FDA-9E84-FEB52707B1FE}"
EndProject
Project("{FAE04EC0-301F-11D3-BF4B-00C04F79EFBC}") = "LablabBean.Plugins.ResourceLoader", "plugins\LablabBean.Plugins.ResourceLoader\LablabBean.Plugins.ResourceLoader.csproj", "{552F30C1-51CA-480C-B31B-B19249AB3110}"
EndProject
Project("{FAE04EC0-301F-11D3-BF4B-00C04F79EFBC}") = "LablabBean.Plugins.ReactiveUI", "plugins\LablabBean.Plugins.ReactiveUI\LablabBean.Plugins.ReactiveUI.csproj", "{6E34C86C-1C80-4F6E-832D-BEC0DAC83623}"
EndProject
Project("{FAE04EC0-301F-11D3-BF4B-00C04F79EFBC}") = "LablabBean.Plugins.MockGame", "plugins\LablabBean.Plugins.MockGame\LablabBean.Plugins.MockGame.csproj", "{2557D14A-1E02-4978-92F2-CB83714EE568}"
EndProject
Project("{FAE04EC0-301F-11D3-BF4B-00C04F79EFBC}") = "LablabBean.Plugins.InputHandler", "plugins\LablabBean.Plugins.InputHandler\LablabBean.Plugins.InputHandler.csproj", "{5AA023B2-36E0-4A9B-89DD-70E8008F6E01}"
EndProject
Project("{FAE04EC0-301F-11D3-BF4B-00C04F79EFBC}") = "LablabBean.Plugins.ConfigManager", "plugins\LablabBean.Plugins.ConfigManager\LablabBean.Plugins.ConfigManager.csproj", "{5F251575-F985-4276-9B86-D1C57B5E8515}"
EndProject
Project("{FAE04EC0-301F-11D3-BF4B-00C04F79EFBC}") = "LablabBean.Plugins.Analytics", "plugins\LablabBean.Plugins.Analytics\LablabBean.Plugins.Analytics.csproj", "{090AB052-165F-44BE-8E16-B3725465BF64}"
EndProject
Project("{FAE04EC0-301F-11D3-BF4B-00C04F79EFBC}") = "LablabBean.Reporting.Contracts", "framework\LablabBean.Reporting.Contracts\LablabBean.Reporting.Contracts.csproj", "{B0E3D181-2097-425F-89A1-E33BB19DD78D}"
EndProject
Project("{FAE04EC0-301F-11D3-BF4B-00C04F79EFBC}") = "LablabBean.SourceGenerators.Reporting", "framework\LablabBean.SourceGenerators.Reporting\LablabBean.SourceGenerators.Reporting.csproj", "{AFA09812-B97D-4F5F-8392-7BBDC81273A7}"
EndProject
Project("{FAE04EC0-301F-11D3-BF4B-00C04F79EFBC}") = "LablabBean.Reporting.Analytics", "framework\LablabBean.Reporting.Analytics\LablabBean.Reporting.Analytics.csproj", "{D2861447-BEB4-47E7-9FDA-6CC969FA52D6}"
EndProject
Project("{FAE04EC0-301F-11D3-BF4B-00C04F79EFBC}") = "LablabBean.Reporting.Providers.Build", "framework\LablabBean.Reporting.Providers.Build\LablabBean.Reporting.Providers.Build.csproj", "{3398C8D6-74D3-4B1A-A64D-0D9CB14FBF66}"
EndProject
Project("{FAE04EC0-301F-11D3-BF4B-00C04F79EFBC}") = "LablabBean.Reporting.Contracts.Tests", "framework\tests\LablabBean.Reporting.Contracts.Tests\LablabBean.Reporting.Contracts.Tests.csproj", "{01B0110F-42C0-45D3-8700-D9F610B82673}"
EndProject
Project("{FAE04EC0-301F-11D3-BF4B-00C04F79EFBC}") = "LablabBean.Contracts.Game.Tests", "framework\tests\LablabBean.Contracts.Game.Tests\LablabBean.Contracts.Game.Tests.csproj", "{F1000000-0000-0000-0000-000000000001}"
EndProject
Project("{FAE04EC0-301F-11D3-BF4B-00C04F79EFBC}") = "LablabBean.Contracts.UI.Tests", "framework\tests\LablabBean.Contracts.UI.Tests\LablabBean.Contracts.UI.Tests.csproj", "{F1000000-0000-0000-0000-000000000002}"
EndProject
Project("{FAE04EC0-301F-11D3-BF4B-00C04F79EFBC}") = "LablabBean.Reporting.Analytics.Tests", "framework\tests\LablabBean.Reporting.Analytics.Tests\LablabBean.Reporting.Analytics.Tests.csproj", "{F1000000-0000-0000-0000-000000000003}"
EndProject
Project("{FAE04EC0-301F-11D3-BF4B-00C04F79EFBC}") = "LablabBean.Reporting.Providers.Build.Tests", "framework\tests\LablabBean.Reporting.Providers.Build.Tests\LablabBean.Reporting.Providers.Build.Tests.csproj", "{F1000000-0000-0000-0000-000000000004}"
EndProject
Project("{FAE04EC0-301F-11D3-BF4B-00C04F79EFBC}") = "LablabBean.SourceGenerators.Proxy.Tests", "framework\tests\LablabBean.SourceGenerators.Proxy.Tests\LablabBean.SourceGenerators.Proxy.Tests.csproj", "{F1000000-0000-0000-0000-000000000005}"
EndProject
Project("{FAE04EC0-301F-11D3-BF4B-00C04F79EFBC}") = "LablabBean.Plugins.Reporting.Csv", "plugins\LablabBean.Plugins.Reporting.Csv\LablabBean.Plugins.Reporting.Csv.csproj", "{BCB51309-55F6-43F8-832A-17CBB6F3C690}"
EndProject
Project("{FAE04EC0-301F-11D3-BF4B-00C04F79EFBC}") = "LablabBean.Plugins.Reporting.Html", "plugins\LablabBean.Plugins.Reporting.Html\LablabBean.Plugins.Reporting.Html.csproj", "{BF1C661D-2EB3-4B34-AF47-499901057136}"
EndProject
Project("{FAE04EC0-301F-11D3-BF4B-00C04F79EFBC}") = "LablabBean.Plugins.Reporting.Csv.Tests", "plugins\tests\LablabBean.Plugins.Reporting.Csv.Tests\LablabBean.Plugins.Reporting.Csv.Tests.csproj", "{D5CE5BA9-E4F3-4978-A160-40D11E671FDE}"
EndProject
Project("{FAE04EC0-301F-11D3-BF4B-00C04F79EFBC}") = "LablabBean.Plugins.Reporting.Html.Tests", "plugins\tests\LablabBean.Plugins.Reporting.Html.Tests\LablabBean.Plugins.Reporting.Html.Tests.csproj", "{4E1AD52C-277C-4A05-B57B-D31D7079AB73}"
EndProject
Project("{FAE04EC0-301F-11D3-BF4B-00C04F79EFBC}") = "LablabBean.Plugins.Core.Tests", "plugins\tests\LablabBean.Plugins.Core.Tests\LablabBean.Plugins.Core.Tests.csproj", "{P1000000-0000-0000-0000-000000000001}"
EndProject
Project("{FAE04EC0-301F-11D3-BF4B-00C04F79EFBC}") = "LablabBean.Contracts.Diagnostic", "framework\LablabBean.Contracts.Diagnostic\LablabBean.Contracts.Diagnostic.csproj", "{A11B6C25-924B-4A49-A600-B62FCE0BF734}"
EndProject
Project("{FAE04EC0-301F-11D3-BF4B-00C04F79EFBC}") = "LablabBean.Contracts.ObjectPool", "framework\LablabBean.Contracts.ObjectPool\LablabBean.Contracts.ObjectPool.csproj", "{7E637B80-FE57-40BE-B763-1E0CA028F028}"
EndProject
Project("{FAE04EC0-301F-11D3-BF4B-00C04F79EFBC}") = "LablabBean.Contracts.Audio", "framework\LablabBean.Contracts.Audio\LablabBean.Contracts.Audio.csproj", "{903378DE-09EA-451D-988B-A2EC6E2D5EE8}"
EndProject
Project("{FAE04EC0-301F-11D3-BF4B-00C04F79EFBC}") = "LablabBean.Contracts.Localization", "framework\LablabBean.Contracts.Localization\LablabBean.Contracts.Localization.csproj", "{B6A690D3-6008-499A-BB99-1A71EA2064B0}"
EndProject
Project("{FAE04EC0-301F-11D3-BF4B-00C04F79EFBC}") = "LablabBean.Contracts.PersistentStorage", "framework\LablabBean.Contracts.PersistentStorage\LablabBean.Contracts.PersistentStorage.csproj", "{A6CA77F2-48EA-43CA-A40F-023AEAFD39AC}"
EndProject
Project("{FAE04EC0-301F-11D3-BF4B-00C04F79EFBC}") = "LablabBean.Contracts.Serialization", "framework\LablabBean.Contracts.Serialization\LablabBean.Contracts.Serialization.csproj", "{2943E1C1-CE89-4A56-A350-6BA543B58A6F}"
EndProject
Project("{FAE04EC0-301F-11D3-BF4B-00C04F79EFBC}") = "LablabBean.Contracts.Performance", "framework\LablabBean.Contracts.Performance\LablabBean.Contracts.Performance.csproj", "{B6CFB9B3-019D-4133-AB94-36F4D886DCC4}"
EndProject
Project("{FAE04EC0-301F-11D3-BF4B-00C04F79EFBC}") = "LablabBean.Contracts.Scheduler", "framework\LablabBean.Contracts.Scheduler\LablabBean.Contracts.Scheduler.csproj", "{B9C34AC5-1F59-4A38-9E15-9A09DD87765D}"
EndProject
Project("{FAE04EC0-301F-11D3-BF4B-00C04F79EFBC}") = "LablabBean.Contracts.Analytics", "framework\LablabBean.Contracts.Analytics\LablabBean.Contracts.Analytics.csproj", "{ED2788DE-1B55-4809-9EF8-697F748320A3}"
EndProject
Project("{FAE04EC0-301F-11D3-BF4B-00C04F79EFBC}") = "LablabBean.Contracts.Firebase", "framework\LablabBean.Contracts.Firebase\LablabBean.Contracts.Firebase.csproj", "{E7A3AE80-D517-458A-88A8-76B0DF7333CA}"
EndProject
Project("{FAE04EC0-301F-11D3-BF4B-00C04F79EFBC}") = "LablabBean.Contracts.ServiceHealth", "framework\LablabBean.Contracts.ServiceHealth\LablabBean.Contracts.ServiceHealth.csproj", "{B86D3ACD-508F-4475-8444-F7078A682412}"
EndProject
Project("{FAE04EC0-301F-11D3-BF4B-00C04F79EFBC}") = "LablabBean.Contracts.Resilience", "framework\LablabBean.Contracts.Resilience\LablabBean.Contracts.Resilience.csproj", "{E6BDE80A-3D1D-4B52-9196-75294DE12530}"
EndProject
Project("{FAE04EC0-301F-11D3-BF4B-00C04F79EFBC}") = "LablabBean.Plugins.Resilience.Polly", "plugins\LablabBean.Plugins.Resilience.Polly\LablabBean.Plugins.Resilience.Polly.csproj", "{260BD041-A376-42D8-81A1-014ED1A17EFA}"
EndProject
Project("{FAE04EC0-301F-11D3-BF4B-00C04F79EFBC}") = "LablabBean.Plugins.Serialization.Json", "plugins\LablabBean.Plugins.Serialization.Json\LablabBean.Plugins.Serialization.Json.csproj", "{91F9F174-2FCA-4118-B390-ACCAEF92B357}"
EndProject
Project("{FAE04EC0-301F-11D3-BF4B-00C04F79EFBC}") = "LablabBean.Plugins.ObjectPool.Standard", "plugins\LablabBean.Plugins.ObjectPool.Standard\LablabBean.Plugins.ObjectPool.Standard.csproj", "{9FC289DF-9C10-41D0-A86F-CF32B55EAA6C}"
EndProject
Project("{FAE04EC0-301F-11D3-BF4B-00C04F79EFBC}") = "LablabBean.Plugins.PersistentStorage.Json", "plugins\LablabBean.Plugins.PersistentStorage.Json\LablabBean.Plugins.PersistentStorage.Json.csproj", "{8882CADD-3659-4561-B18D-C4EDCA6D9832}"
EndProject
Global
	GlobalSection(SolutionConfigurationPlatforms) = preSolution
		Debug|Any CPU = Debug|Any CPU
		Release|Any CPU = Release|Any CPU
	EndGlobalSection
	GlobalSection(ProjectConfigurationPlatforms) = postSolution
		{10000000-0000-0000-0000-000000000001}.Debug|Any CPU.ActiveCfg = Debug|Any CPU
		{10000000-0000-0000-0000-000000000001}.Debug|Any CPU.Build.0 = Debug|Any CPU
		{10000000-0000-0000-0000-000000000001}.Release|Any CPU.ActiveCfg = Release|Any CPU
		{10000000-0000-0000-0000-000000000001}.Release|Any CPU.Build.0 = Release|Any CPU
		{10000000-0000-0000-0000-000000000002}.Debug|Any CPU.ActiveCfg = Debug|Any CPU
		{10000000-0000-0000-0000-000000000002}.Debug|Any CPU.Build.0 = Debug|Any CPU
		{10000000-0000-0000-0000-000000000002}.Release|Any CPU.ActiveCfg = Release|Any CPU
		{10000000-0000-0000-0000-000000000002}.Release|Any CPU.Build.0 = Release|Any CPU
		{10000000-0000-0000-0000-000000000003}.Debug|Any CPU.ActiveCfg = Debug|Any CPU
		{10000000-0000-0000-0000-000000000003}.Debug|Any CPU.Build.0 = Debug|Any CPU
		{10000000-0000-0000-0000-000000000003}.Release|Any CPU.ActiveCfg = Release|Any CPU
		{10000000-0000-0000-0000-000000000003}.Release|Any CPU.Build.0 = Release|Any CPU
		{10000000-0000-0000-0000-000000000004}.Debug|Any CPU.ActiveCfg = Debug|Any CPU
		{10000000-0000-0000-0000-000000000004}.Debug|Any CPU.Build.0 = Debug|Any CPU
		{10000000-0000-0000-0000-000000000004}.Release|Any CPU.ActiveCfg = Release|Any CPU
		{10000000-0000-0000-0000-000000000004}.Release|Any CPU.Build.0 = Release|Any CPU
		{10000000-0000-0000-0000-000000000005}.Debug|Any CPU.ActiveCfg = Debug|Any CPU
		{10000000-0000-0000-0000-000000000005}.Debug|Any CPU.Build.0 = Debug|Any CPU
		{10000000-0000-0000-0000-000000000005}.Release|Any CPU.ActiveCfg = Release|Any CPU
		{10000000-0000-0000-0000-000000000005}.Release|Any CPU.Build.0 = Release|Any CPU
		{10000000-0000-0000-0000-000000000006}.Debug|Any CPU.ActiveCfg = Debug|Any CPU
		{10000000-0000-0000-0000-000000000006}.Debug|Any CPU.Build.0 = Debug|Any CPU
		{10000000-0000-0000-0000-000000000006}.Release|Any CPU.ActiveCfg = Release|Any CPU
		{10000000-0000-0000-0000-000000000006}.Release|Any CPU.Build.0 = Release|Any CPU
		{20000000-0000-0000-0000-000000000001}.Debug|Any CPU.ActiveCfg = Debug|Any CPU
		{20000000-0000-0000-0000-000000000001}.Debug|Any CPU.Build.0 = Debug|Any CPU
		{20000000-0000-0000-0000-000000000001}.Release|Any CPU.ActiveCfg = Release|Any CPU
		{20000000-0000-0000-0000-000000000001}.Release|Any CPU.Build.0 = Release|Any CPU
		{30000000-0000-0000-0000-000000000001}.Debug|Any CPU.ActiveCfg = Debug|Any CPU
		{30000000-0000-0000-0000-000000000001}.Debug|Any CPU.Build.0 = Debug|Any CPU
		{30000000-0000-0000-0000-000000000001}.Release|Any CPU.ActiveCfg = Release|Any CPU
		{30000000-0000-0000-0000-000000000001}.Release|Any CPU.Build.0 = Release|Any CPU
		{ED2C41D4-3177-43A0-BDB4-B9D7315900D3}.Debug|Any CPU.ActiveCfg = Debug|Any CPU
		{ED2C41D4-3177-43A0-BDB4-B9D7315900D3}.Debug|Any CPU.Build.0 = Debug|Any CPU
		{ED2C41D4-3177-43A0-BDB4-B9D7315900D3}.Release|Any CPU.ActiveCfg = Release|Any CPU
		{ED2C41D4-3177-43A0-BDB4-B9D7315900D3}.Release|Any CPU.Build.0 = Release|Any CPU
		{8991F22A-E659-4CE9-97A8-78AA7C288D3D}.Debug|Any CPU.ActiveCfg = Debug|Any CPU
		{8991F22A-E659-4CE9-97A8-78AA7C288D3D}.Debug|Any CPU.Build.0 = Debug|Any CPU
		{8991F22A-E659-4CE9-97A8-78AA7C288D3D}.Release|Any CPU.ActiveCfg = Release|Any CPU
		{8991F22A-E659-4CE9-97A8-78AA7C288D3D}.Release|Any CPU.Build.0 = Release|Any CPU
		{AA98F38E-3612-4B1E-8A4B-4E362CF74F39}.Debug|Any CPU.ActiveCfg = Debug|Any CPU
		{AA98F38E-3612-4B1E-8A4B-4E362CF74F39}.Debug|Any CPU.Build.0 = Debug|Any CPU
		{AA98F38E-3612-4B1E-8A4B-4E362CF74F39}.Release|Any CPU.ActiveCfg = Release|Any CPU
		{AA98F38E-3612-4B1E-8A4B-4E362CF74F39}.Release|Any CPU.Build.0 = Release|Any CPU
		{537E4EE9-B51D-4E04-AB2E-B05A12A22C2D}.Debug|Any CPU.ActiveCfg = Debug|Any CPU
		{537E4EE9-B51D-4E04-AB2E-B05A12A22C2D}.Debug|Any CPU.Build.0 = Debug|Any CPU
		{537E4EE9-B51D-4E04-AB2E-B05A12A22C2D}.Release|Any CPU.ActiveCfg = Release|Any CPU
		{537E4EE9-B51D-4E04-AB2E-B05A12A22C2D}.Release|Any CPU.Build.0 = Release|Any CPU
		{767D5044-2F32-403F-9D6F-0087177B6B37}.Debug|Any CPU.ActiveCfg = Debug|Any CPU
		{767D5044-2F32-403F-9D6F-0087177B6B37}.Debug|Any CPU.Build.0 = Debug|Any CPU
		{767D5044-2F32-403F-9D6F-0087177B6B37}.Release|Any CPU.ActiveCfg = Release|Any CPU
		{767D5044-2F32-403F-9D6F-0087177B6B37}.Release|Any CPU.Build.0 = Release|Any CPU
		{4D75AB69-E45F-4800-B2EA-B1B6EFF18D74}.Debug|Any CPU.ActiveCfg = Debug|Any CPU
		{4D75AB69-E45F-4800-B2EA-B1B6EFF18D74}.Debug|Any CPU.Build.0 = Debug|Any CPU
		{4D75AB69-E45F-4800-B2EA-B1B6EFF18D74}.Release|Any CPU.ActiveCfg = Release|Any CPU
		{4D75AB69-E45F-4800-B2EA-B1B6EFF18D74}.Release|Any CPU.Build.0 = Release|Any CPU
		{C9D42C3E-ADB2-4F41-AFBD-C9A36638B6F2}.Debug|Any CPU.ActiveCfg = Debug|Any CPU
		{C9D42C3E-ADB2-4F41-AFBD-C9A36638B6F2}.Debug|Any CPU.Build.0 = Debug|Any CPU
		{C9D42C3E-ADB2-4F41-AFBD-C9A36638B6F2}.Release|Any CPU.ActiveCfg = Release|Any CPU
		{C9D42C3E-ADB2-4F41-AFBD-C9A36638B6F2}.Release|Any CPU.Build.0 = Release|Any CPU
		{A302446B-1F85-473F-B2A1-12D6253D30C3}.Debug|Any CPU.ActiveCfg = Debug|Any CPU
		{A302446B-1F85-473F-B2A1-12D6253D30C3}.Debug|Any CPU.Build.0 = Debug|Any CPU
		{A302446B-1F85-473F-B2A1-12D6253D30C3}.Release|Any CPU.ActiveCfg = Release|Any CPU
		{A302446B-1F85-473F-B2A1-12D6253D30C3}.Release|Any CPU.Build.0 = Release|Any CPU
		{28C63563-8899-42E9-9790-A60923B7F89D}.Debug|Any CPU.ActiveCfg = Debug|Any CPU
		{28C63563-8899-42E9-9790-A60923B7F89D}.Debug|Any CPU.Build.0 = Debug|Any CPU
		{28C63563-8899-42E9-9790-A60923B7F89D}.Release|Any CPU.ActiveCfg = Release|Any CPU
		{28C63563-8899-42E9-9790-A60923B7F89D}.Release|Any CPU.Build.0 = Release|Any CPU
		{7F22D0C8-66AC-4CC1-9F47-353738484294}.Debug|Any CPU.ActiveCfg = Debug|Any CPU
		{7F22D0C8-66AC-4CC1-9F47-353738484294}.Debug|Any CPU.Build.0 = Debug|Any CPU
		{7F22D0C8-66AC-4CC1-9F47-353738484294}.Release|Any CPU.ActiveCfg = Release|Any CPU
		{7F22D0C8-66AC-4CC1-9F47-353738484294}.Release|Any CPU.Build.0 = Release|Any CPU
		{C4180F6C-BD98-4A0E-8767-C67C1D69F855}.Debug|Any CPU.ActiveCfg = Debug|Any CPU
		{C4180F6C-BD98-4A0E-8767-C67C1D69F855}.Debug|Any CPU.Build.0 = Debug|Any CPU
		{C4180F6C-BD98-4A0E-8767-C67C1D69F855}.Release|Any CPU.ActiveCfg = Release|Any CPU
		{C4180F6C-BD98-4A0E-8767-C67C1D69F855}.Release|Any CPU.Build.0 = Release|Any CPU
		{A502DA31-A904-4C2B-8D38-E6015D141ED3}.Debug|Any CPU.ActiveCfg = Debug|Any CPU
		{A502DA31-A904-4C2B-8D38-E6015D141ED3}.Debug|Any CPU.Build.0 = Debug|Any CPU
		{A502DA31-A904-4C2B-8D38-E6015D141ED3}.Release|Any CPU.ActiveCfg = Release|Any CPU
		{A502DA31-A904-4C2B-8D38-E6015D141ED3}.Release|Any CPU.Build.0 = Release|Any CPU
		{E8E18A04-50E3-4FA7-A2B4-280E122B28BA}.Debug|Any CPU.ActiveCfg = Debug|Any CPU
		{E8E18A04-50E3-4FA7-A2B4-280E122B28BA}.Debug|Any CPU.Build.0 = Debug|Any CPU
		{E8E18A04-50E3-4FA7-A2B4-280E122B28BA}.Release|Any CPU.ActiveCfg = Release|Any CPU
		{E8E18A04-50E3-4FA7-A2B4-280E122B28BA}.Release|Any CPU.Build.0 = Release|Any CPU
		{75271F7B-9E6D-46C9-94FA-C72F5D8D7BFC}.Debug|Any CPU.ActiveCfg = Debug|Any CPU
		{75271F7B-9E6D-46C9-94FA-C72F5D8D7BFC}.Debug|Any CPU.Build.0 = Debug|Any CPU
		{75271F7B-9E6D-46C9-94FA-C72F5D8D7BFC}.Release|Any CPU.ActiveCfg = Release|Any CPU
		{75271F7B-9E6D-46C9-94FA-C72F5D8D7BFC}.Release|Any CPU.Build.0 = Release|Any CPU
		{8D631306-B565-46C8-BA89-27EE7C03998D}.Debug|Any CPU.ActiveCfg = Debug|Any CPU
		{8D631306-B565-46C8-BA89-27EE7C03998D}.Debug|Any CPU.Build.0 = Debug|Any CPU
		{8D631306-B565-46C8-BA89-27EE7C03998D}.Release|Any CPU.ActiveCfg = Release|Any CPU
		{8D631306-B565-46C8-BA89-27EE7C03998D}.Release|Any CPU.Build.0 = Release|Any CPU
		{E545E98B-588B-41D5-BAD2-63A6FA4BC7EC}.Debug|Any CPU.ActiveCfg = Debug|Any CPU
		{E545E98B-588B-41D5-BAD2-63A6FA4BC7EC}.Debug|Any CPU.Build.0 = Debug|Any CPU
		{E545E98B-588B-41D5-BAD2-63A6FA4BC7EC}.Release|Any CPU.ActiveCfg = Release|Any CPU
		{E545E98B-588B-41D5-BAD2-63A6FA4BC7EC}.Release|Any CPU.Build.0 = Release|Any CPU
		{4BB82247-356D-4FDA-9E84-FEB52707B1FE}.Debug|Any CPU.ActiveCfg = Debug|Any CPU
		{4BB82247-356D-4FDA-9E84-FEB52707B1FE}.Debug|Any CPU.Build.0 = Debug|Any CPU
		{4BB82247-356D-4FDA-9E84-FEB52707B1FE}.Release|Any CPU.ActiveCfg = Release|Any CPU
		{4BB82247-356D-4FDA-9E84-FEB52707B1FE}.Release|Any CPU.Build.0 = Release|Any CPU
		{552F30C1-51CA-480C-B31B-B19249AB3110}.Debug|Any CPU.ActiveCfg = Debug|Any CPU
		{552F30C1-51CA-480C-B31B-B19249AB3110}.Debug|Any CPU.Build.0 = Debug|Any CPU
		{552F30C1-51CA-480C-B31B-B19249AB3110}.Release|Any CPU.ActiveCfg = Release|Any CPU
		{552F30C1-51CA-480C-B31B-B19249AB3110}.Release|Any CPU.Build.0 = Release|Any CPU
		{6E34C86C-1C80-4F6E-832D-BEC0DAC83623}.Debug|Any CPU.ActiveCfg = Debug|Any CPU
		{6E34C86C-1C80-4F6E-832D-BEC0DAC83623}.Debug|Any CPU.Build.0 = Debug|Any CPU
		{6E34C86C-1C80-4F6E-832D-BEC0DAC83623}.Release|Any CPU.ActiveCfg = Release|Any CPU
		{6E34C86C-1C80-4F6E-832D-BEC0DAC83623}.Release|Any CPU.Build.0 = Release|Any CPU
		{2557D14A-1E02-4978-92F2-CB83714EE568}.Debug|Any CPU.ActiveCfg = Debug|Any CPU
		{2557D14A-1E02-4978-92F2-CB83714EE568}.Debug|Any CPU.Build.0 = Debug|Any CPU
		{2557D14A-1E02-4978-92F2-CB83714EE568}.Release|Any CPU.ActiveCfg = Release|Any CPU
		{2557D14A-1E02-4978-92F2-CB83714EE568}.Release|Any CPU.Build.0 = Release|Any CPU
		{5AA023B2-36E0-4A9B-89DD-70E8008F6E01}.Debug|Any CPU.ActiveCfg = Debug|Any CPU
		{5AA023B2-36E0-4A9B-89DD-70E8008F6E01}.Debug|Any CPU.Build.0 = Debug|Any CPU
		{5AA023B2-36E0-4A9B-89DD-70E8008F6E01}.Release|Any CPU.ActiveCfg = Release|Any CPU
		{5AA023B2-36E0-4A9B-89DD-70E8008F6E01}.Release|Any CPU.Build.0 = Release|Any CPU
		{5F251575-F985-4276-9B86-D1C57B5E8515}.Debug|Any CPU.ActiveCfg = Debug|Any CPU
		{5F251575-F985-4276-9B86-D1C57B5E8515}.Debug|Any CPU.Build.0 = Debug|Any CPU
		{5F251575-F985-4276-9B86-D1C57B5E8515}.Release|Any CPU.ActiveCfg = Release|Any CPU
		{5F251575-F985-4276-9B86-D1C57B5E8515}.Release|Any CPU.Build.0 = Release|Any CPU
		{090AB052-165F-44BE-8E16-B3725465BF64}.Debug|Any CPU.ActiveCfg = Debug|Any CPU
		{090AB052-165F-44BE-8E16-B3725465BF64}.Debug|Any CPU.Build.0 = Debug|Any CPU
		{090AB052-165F-44BE-8E16-B3725465BF64}.Release|Any CPU.ActiveCfg = Release|Any CPU
		{090AB052-165F-44BE-8E16-B3725465BF64}.Release|Any CPU.Build.0 = Release|Any CPU
		{B0E3D181-2097-425F-89A1-E33BB19DD78D}.Debug|Any CPU.ActiveCfg = Debug|Any CPU
		{B0E3D181-2097-425F-89A1-E33BB19DD78D}.Debug|Any CPU.Build.0 = Debug|Any CPU
		{B0E3D181-2097-425F-89A1-E33BB19DD78D}.Release|Any CPU.ActiveCfg = Release|Any CPU
		{B0E3D181-2097-425F-89A1-E33BB19DD78D}.Release|Any CPU.Build.0 = Release|Any CPU
		{AFA09812-B97D-4F5F-8392-7BBDC81273A7}.Debug|Any CPU.ActiveCfg = Debug|Any CPU
		{AFA09812-B97D-4F5F-8392-7BBDC81273A7}.Debug|Any CPU.Build.0 = Debug|Any CPU
		{AFA09812-B97D-4F5F-8392-7BBDC81273A7}.Release|Any CPU.ActiveCfg = Release|Any CPU
		{AFA09812-B97D-4F5F-8392-7BBDC81273A7}.Release|Any CPU.Build.0 = Release|Any CPU
		{D2861447-BEB4-47E7-9FDA-6CC969FA52D6}.Debug|Any CPU.ActiveCfg = Debug|Any CPU
		{D2861447-BEB4-47E7-9FDA-6CC969FA52D6}.Debug|Any CPU.Build.0 = Debug|Any CPU
		{D2861447-BEB4-47E7-9FDA-6CC969FA52D6}.Release|Any CPU.ActiveCfg = Release|Any CPU
		{D2861447-BEB4-47E7-9FDA-6CC969FA52D6}.Release|Any CPU.Build.0 = Release|Any CPU
		{3398C8D6-74D3-4B1A-A64D-0D9CB14FBF66}.Debug|Any CPU.ActiveCfg = Debug|Any CPU
		{3398C8D6-74D3-4B1A-A64D-0D9CB14FBF66}.Debug|Any CPU.Build.0 = Debug|Any CPU
		{3398C8D6-74D3-4B1A-A64D-0D9CB14FBF66}.Release|Any CPU.ActiveCfg = Release|Any CPU
		{3398C8D6-74D3-4B1A-A64D-0D9CB14FBF66}.Release|Any CPU.Build.0 = Release|Any CPU
		{01B0110F-42C0-45D3-8700-D9F610B82673}.Debug|Any CPU.ActiveCfg = Debug|Any CPU
		{01B0110F-42C0-45D3-8700-D9F610B82673}.Debug|Any CPU.Build.0 = Debug|Any CPU
		{01B0110F-42C0-45D3-8700-D9F610B82673}.Release|Any CPU.ActiveCfg = Release|Any CPU
		{01B0110F-42C0-45D3-8700-D9F610B82673}.Release|Any CPU.Build.0 = Release|Any CPU
		{BCB51309-55F6-43F8-832A-17CBB6F3C690}.Debug|Any CPU.ActiveCfg = Debug|Any CPU
		{BCB51309-55F6-43F8-832A-17CBB6F3C690}.Debug|Any CPU.Build.0 = Debug|Any CPU
		{BCB51309-55F6-43F8-832A-17CBB6F3C690}.Release|Any CPU.ActiveCfg = Release|Any CPU
		{BCB51309-55F6-43F8-832A-17CBB6F3C690}.Release|Any CPU.Build.0 = Release|Any CPU
		{BF1C661D-2EB3-4B34-AF47-499901057136}.Debug|Any CPU.ActiveCfg = Debug|Any CPU
		{BF1C661D-2EB3-4B34-AF47-499901057136}.Debug|Any CPU.Build.0 = Debug|Any CPU
		{BF1C661D-2EB3-4B34-AF47-499901057136}.Release|Any CPU.ActiveCfg = Release|Any CPU
		{BF1C661D-2EB3-4B34-AF47-499901057136}.Release|Any CPU.Build.0 = Release|Any CPU
		{D5CE5BA9-E4F3-4978-A160-40D11E671FDE}.Debug|Any CPU.ActiveCfg = Debug|Any CPU
		{D5CE5BA9-E4F3-4978-A160-40D11E671FDE}.Debug|Any CPU.Build.0 = Debug|Any CPU
		{D5CE5BA9-E4F3-4978-A160-40D11E671FDE}.Release|Any CPU.ActiveCfg = Release|Any CPU
		{D5CE5BA9-E4F3-4978-A160-40D11E671FDE}.Release|Any CPU.Build.0 = Release|Any CPU
		{4E1AD52C-277C-4A05-B57B-D31D7079AB73}.Debug|Any CPU.ActiveCfg = Debug|Any CPU
		{4E1AD52C-277C-4A05-B57B-D31D7079AB73}.Debug|Any CPU.Build.0 = Debug|Any CPU
		{4E1AD52C-277C-4A05-B57B-D31D7079AB73}.Release|Any CPU.ActiveCfg = Release|Any CPU
		{4E1AD52C-277C-4A05-B57B-D31D7079AB73}.Release|Any CPU.Build.0 = Release|Any CPU
		{A11B6C25-924B-4A49-A600-B62FCE0BF734}.Debug|Any CPU.ActiveCfg = Debug|Any CPU
		{A11B6C25-924B-4A49-A600-B62FCE0BF734}.Debug|Any CPU.Build.0 = Debug|Any CPU
		{A11B6C25-924B-4A49-A600-B62FCE0BF734}.Release|Any CPU.ActiveCfg = Release|Any CPU
		{A11B6C25-924B-4A49-A600-B62FCE0BF734}.Release|Any CPU.Build.0 = Release|Any CPU
		{7E637B80-FE57-40BE-B763-1E0CA028F028}.Debug|Any CPU.ActiveCfg = Debug|Any CPU
		{7E637B80-FE57-40BE-B763-1E0CA028F028}.Debug|Any CPU.Build.0 = Debug|Any CPU
		{7E637B80-FE57-40BE-B763-1E0CA028F028}.Release|Any CPU.ActiveCfg = Release|Any CPU
		{7E637B80-FE57-40BE-B763-1E0CA028F028}.Release|Any CPU.Build.0 = Release|Any CPU
		{903378DE-09EA-451D-988B-A2EC6E2D5EE8}.Debug|Any CPU.ActiveCfg = Debug|Any CPU
		{903378DE-09EA-451D-988B-A2EC6E2D5EE8}.Debug|Any CPU.Build.0 = Debug|Any CPU
		{903378DE-09EA-451D-988B-A2EC6E2D5EE8}.Release|Any CPU.ActiveCfg = Release|Any CPU
		{903378DE-09EA-451D-988B-A2EC6E2D5EE8}.Release|Any CPU.Build.0 = Release|Any CPU
		{B6A690D3-6008-499A-BB99-1A71EA2064B0}.Debug|Any CPU.ActiveCfg = Debug|Any CPU
		{B6A690D3-6008-499A-BB99-1A71EA2064B0}.Debug|Any CPU.Build.0 = Debug|Any CPU
		{B6A690D3-6008-499A-BB99-1A71EA2064B0}.Release|Any CPU.ActiveCfg = Release|Any CPU
		{B6A690D3-6008-499A-BB99-1A71EA2064B0}.Release|Any CPU.Build.0 = Release|Any CPU
		{A6CA77F2-48EA-43CA-A40F-023AEAFD39AC}.Debug|Any CPU.ActiveCfg = Debug|Any CPU
		{A6CA77F2-48EA-43CA-A40F-023AEAFD39AC}.Debug|Any CPU.Build.0 = Debug|Any CPU
		{A6CA77F2-48EA-43CA-A40F-023AEAFD39AC}.Release|Any CPU.ActiveCfg = Release|Any CPU
		{A6CA77F2-48EA-43CA-A40F-023AEAFD39AC}.Release|Any CPU.Build.0 = Release|Any CPU
		{2943E1C1-CE89-4A56-A350-6BA543B58A6F}.Debug|Any CPU.ActiveCfg = Debug|Any CPU
		{2943E1C1-CE89-4A56-A350-6BA543B58A6F}.Debug|Any CPU.Build.0 = Debug|Any CPU
		{2943E1C1-CE89-4A56-A350-6BA543B58A6F}.Release|Any CPU.ActiveCfg = Release|Any CPU
		{2943E1C1-CE89-4A56-A350-6BA543B58A6F}.Release|Any CPU.Build.0 = Release|Any CPU
		{B6CFB9B3-019D-4133-AB94-36F4D886DCC4}.Debug|Any CPU.ActiveCfg = Debug|Any CPU
		{B6CFB9B3-019D-4133-AB94-36F4D886DCC4}.Debug|Any CPU.Build.0 = Debug|Any CPU
		{B6CFB9B3-019D-4133-AB94-36F4D886DCC4}.Release|Any CPU.ActiveCfg = Release|Any CPU
		{B6CFB9B3-019D-4133-AB94-36F4D886DCC4}.Release|Any CPU.Build.0 = Release|Any CPU
		{B9C34AC5-1F59-4A38-9E15-9A09DD87765D}.Debug|Any CPU.ActiveCfg = Debug|Any CPU
		{B9C34AC5-1F59-4A38-9E15-9A09DD87765D}.Debug|Any CPU.Build.0 = Debug|Any CPU
		{B9C34AC5-1F59-4A38-9E15-9A09DD87765D}.Release|Any CPU.ActiveCfg = Release|Any CPU
		{B9C34AC5-1F59-4A38-9E15-9A09DD87765D}.Release|Any CPU.Build.0 = Release|Any CPU
		{ED2788DE-1B55-4809-9EF8-697F748320A3}.Debug|Any CPU.ActiveCfg = Debug|Any CPU
		{ED2788DE-1B55-4809-9EF8-697F748320A3}.Debug|Any CPU.Build.0 = Debug|Any CPU
		{ED2788DE-1B55-4809-9EF8-697F748320A3}.Release|Any CPU.ActiveCfg = Release|Any CPU
		{ED2788DE-1B55-4809-9EF8-697F748320A3}.Release|Any CPU.Build.0 = Release|Any CPU
		{E7A3AE80-D517-458A-88A8-76B0DF7333CA}.Debug|Any CPU.ActiveCfg = Debug|Any CPU
		{E7A3AE80-D517-458A-88A8-76B0DF7333CA}.Debug|Any CPU.Build.0 = Debug|Any CPU
		{E7A3AE80-D517-458A-88A8-76B0DF7333CA}.Release|Any CPU.ActiveCfg = Release|Any CPU
		{E7A3AE80-D517-458A-88A8-76B0DF7333CA}.Release|Any CPU.Build.0 = Release|Any CPU
		{B86D3ACD-508F-4475-8444-F7078A682412}.Debug|Any CPU.ActiveCfg = Debug|Any CPU
		{B86D3ACD-508F-4475-8444-F7078A682412}.Debug|Any CPU.Build.0 = Debug|Any CPU
		{B86D3ACD-508F-4475-8444-F7078A682412}.Release|Any CPU.ActiveCfg = Release|Any CPU
		{B86D3ACD-508F-4475-8444-F7078A682412}.Release|Any CPU.Build.0 = Release|Any CPU
		{E6BDE80A-3D1D-4B52-9196-75294DE12530}.Debug|Any CPU.ActiveCfg = Debug|Any CPU
		{E6BDE80A-3D1D-4B52-9196-75294DE12530}.Debug|Any CPU.Build.0 = Debug|Any CPU
		{E6BDE80A-3D1D-4B52-9196-75294DE12530}.Release|Any CPU.ActiveCfg = Release|Any CPU
		{E6BDE80A-3D1D-4B52-9196-75294DE12530}.Release|Any CPU.Build.0 = Release|Any CPU
		{260BD041-A376-42D8-81A1-014ED1A17EFA}.Debug|Any CPU.ActiveCfg = Debug|Any CPU
		{260BD041-A376-42D8-81A1-014ED1A17EFA}.Debug|Any CPU.Build.0 = Debug|Any CPU
		{260BD041-A376-42D8-81A1-014ED1A17EFA}.Release|Any CPU.ActiveCfg = Release|Any CPU
		{260BD041-A376-42D8-81A1-014ED1A17EFA}.Release|Any CPU.Build.0 = Release|Any CPU
		{91F9F174-2FCA-4118-B390-ACCAEF92B357}.Debug|Any CPU.ActiveCfg = Debug|Any CPU
		{91F9F174-2FCA-4118-B390-ACCAEF92B357}.Debug|Any CPU.Build.0 = Debug|Any CPU
		{91F9F174-2FCA-4118-B390-ACCAEF92B357}.Release|Any CPU.ActiveCfg = Release|Any CPU
		{91F9F174-2FCA-4118-B390-ACCAEF92B357}.Release|Any CPU.Build.0 = Release|Any CPU
		{9FC289DF-9C10-41D0-A86F-CF32B55EAA6C}.Debug|Any CPU.ActiveCfg = Debug|Any CPU
		{9FC289DF-9C10-41D0-A86F-CF32B55EAA6C}.Debug|Any CPU.Build.0 = Debug|Any CPU
		{9FC289DF-9C10-41D0-A86F-CF32B55EAA6C}.Release|Any CPU.ActiveCfg = Release|Any CPU
		{9FC289DF-9C10-41D0-A86F-CF32B55EAA6C}.Release|Any CPU.Build.0 = Release|Any CPU
		{8882CADD-3659-4561-B18D-C4EDCA6D9832}.Debug|Any CPU.ActiveCfg = Debug|Any CPU
		{8882CADD-3659-4561-B18D-C4EDCA6D9832}.Debug|Any CPU.Build.0 = Debug|Any CPU
		{8882CADD-3659-4561-B18D-C4EDCA6D9832}.Release|Any CPU.ActiveCfg = Release|Any CPU
		{8882CADD-3659-4561-B18D-C4EDCA6D9832}.Release|Any CPU.Build.0 = Release|Any CPU
		{F1000000-0000-0000-0000-000000000001}.Debug|Any CPU.ActiveCfg = Debug|Any CPU
		{F1000000-0000-0000-0000-000000000001}.Debug|Any CPU.Build.0 = Debug|Any CPU
		{F1000000-0000-0000-0000-000000000001}.Release|Any CPU.ActiveCfg = Release|Any CPU
		{F1000000-0000-0000-0000-000000000001}.Release|Any CPU.Build.0 = Release|Any CPU
		{F1000000-0000-0000-0000-000000000002}.Debug|Any CPU.ActiveCfg = Debug|Any CPU
		{F1000000-0000-0000-0000-000000000002}.Debug|Any CPU.Build.0 = Debug|Any CPU
		{F1000000-0000-0000-0000-000000000002}.Release|Any CPU.ActiveCfg = Release|Any CPU
		{F1000000-0000-0000-0000-000000000002}.Release|Any CPU.Build.0 = Release|Any CPU
		{F1000000-0000-0000-0000-000000000003}.Debug|Any CPU.ActiveCfg = Debug|Any CPU
		{F1000000-0000-0000-0000-000000000003}.Debug|Any CPU.Build.0 = Debug|Any CPU
		{F1000000-0000-0000-0000-000000000003}.Release|Any CPU.ActiveCfg = Release|Any CPU
		{F1000000-0000-0000-0000-000000000003}.Release|Any CPU.Build.0 = Release|Any CPU
		{F1000000-0000-0000-0000-000000000004}.Debug|Any CPU.ActiveCfg = Debug|Any CPU
		{F1000000-0000-0000-0000-000000000004}.Debug|Any CPU.Build.0 = Debug|Any CPU
		{F1000000-0000-0000-0000-000000000004}.Release|Any CPU.ActiveCfg = Release|Any CPU
		{F1000000-0000-0000-0000-000000000004}.Release|Any CPU.Build.0 = Release|Any CPU
		{F1000000-0000-0000-0000-000000000005}.Debug|Any CPU.ActiveCfg = Debug|Any CPU
		{F1000000-0000-0000-0000-000000000005}.Debug|Any CPU.Build.0 = Debug|Any CPU
		{F1000000-0000-0000-0000-000000000005}.Release|Any CPU.ActiveCfg = Release|Any CPU
		{F1000000-0000-0000-0000-000000000005}.Release|Any CPU.Build.0 = Release|Any CPU
		{P1000000-0000-0000-0000-000000000001}.Debug|Any CPU.ActiveCfg = Debug|Any CPU
		{P1000000-0000-0000-0000-000000000001}.Debug|Any CPU.Build.0 = Debug|Any CPU
		{P1000000-0000-0000-0000-000000000001}.Release|Any CPU.ActiveCfg = Release|Any CPU
		{P1000000-0000-0000-0000-000000000001}.Release|Any CPU.Build.0 = Release|Any CPU
	EndGlobalSection
	GlobalSection(NestedProjects) = preSolution
		{10000000-0000-0000-0000-000000000001} = {F1A1A1A1-1A1A-1A1A-1A1A-1A1A1A1A1A1A}
		{10000000-0000-0000-0000-000000000002} = {F1A1A1A1-1A1A-1A1A-1A1A-1A1A1A1A1A1A}
		{10000000-0000-0000-0000-000000000003} = {F1A1A1A1-1A1A-1A1A-1A1A-1A1A1A1A1A1A}
		{10000000-0000-0000-0000-000000000004} = {F1A1A1A1-1A1A-1A1A-1A1A-1A1A1A1A1A1A}
		{10000000-0000-0000-0000-000000000005} = {C1C1C1C1-1C1C-1C1C-1C1C-1C1C1C1C1C1C}
		{10000000-0000-0000-0000-000000000006} = {A1A1A1A1-1A1A-1A1A-1A1A-1A1A1A1A1A1A}
		{20000000-0000-0000-0000-000000000001} = {C1C1C1C1-1C1C-1C1C-1C1C-1C1C1C1C1C1C}
		{30000000-0000-0000-0000-000000000001} = {A1A1A1A1-1A1A-1A1A-1A1A-1A1A1A1A1A1A}
		{ED2C41D4-3177-43A0-BDB4-B9D7315900D3} = {F1A1A1A1-1A1A-1A1A-1A1A-1A1A1A1A1A1A}
		{8991F22A-E659-4CE9-97A8-78AA7C288D3D} = {F1A1A1A1-1A1A-1A1A-1A1A-1A1A1A1A1A1A}
		{AA98F38E-3612-4B1E-8A4B-4E362CF74F39} = {0C3AFD75-0FA0-44E6-B8CA-FF4E37D6C2DB}
		{537E4EE9-B51D-4E04-AB2E-B05A12A22C2D} = {0C3AFD75-0FA0-44E6-B8CA-FF4E37D6C2DB}
		{767D5044-2F32-403F-9D6F-0087177B6B37} = {646A8FB6-4A4C-4BFD-B205-CF090AB44AF4}
		{4D75AB69-E45F-4800-B2EA-B1B6EFF18D74} = {0C3AFD75-0FA0-44E6-B8CA-FF4E37D6C2DB}
		{C9D42C3E-ADB2-4F41-AFBD-C9A36638B6F2} = {646A8FB6-4A4C-4BFD-B205-CF090AB44AF4}
		{A302446B-1F85-473F-B2A1-12D6253D30C3} = {F1A1A1A1-1A1A-1A1A-1A1A-1A1A1A1A1A1A}
		{28C63563-8899-42E9-9790-A60923B7F89D} = {F1A1A1A1-1A1A-1A1A-1A1A-1A1A1A1A1A1A}
		{7F22D0C8-66AC-4CC1-9F47-353738484294} = {F1A1A1A1-1A1A-1A1A-1A1A-1A1A1A1A1A1A}
		{C4180F6C-BD98-4A0E-8767-C67C1D69F855} = {F1A1A1A1-1A1A-1A1A-1A1A-1A1A1A1A1A1A}
		{A502DA31-A904-4C2B-8D38-E6015D141ED3} = {83F45A0E-898B-450E-B071-7804E854933A}
		{E8E18A04-50E3-4FA7-A2B4-280E122B28BA} = {83F45A0E-898B-450E-B071-7804E854933A}
		{75271F7B-9E6D-46C9-94FA-C72F5D8D7BFC} = {83F45A0E-898B-450E-B071-7804E854933A}
		{8D631306-B565-46C8-BA89-27EE7C03998D} = {83F45A0E-898B-450E-B071-7804E854933A}
		{E545E98B-588B-41D5-BAD2-63A6FA4BC7EC} = {83F45A0E-898B-450E-B071-7804E854933A}
		{4BB82247-356D-4FDA-9E84-FEB52707B1FE} = {646A8FB6-4A4C-4BFD-B205-CF090AB44AF4}
		{552F30C1-51CA-480C-B31B-B19249AB3110} = {646A8FB6-4A4C-4BFD-B205-CF090AB44AF4}
		{6E34C86C-1C80-4F6E-832D-BEC0DAC83623} = {646A8FB6-4A4C-4BFD-B205-CF090AB44AF4}
		{2557D14A-1E02-4978-92F2-CB83714EE568} = {646A8FB6-4A4C-4BFD-B205-CF090AB44AF4}
		{5AA023B2-36E0-4A9B-89DD-70E8008F6E01} = {646A8FB6-4A4C-4BFD-B205-CF090AB44AF4}
		{5F251575-F985-4276-9B86-D1C57B5E8515} = {646A8FB6-4A4C-4BFD-B205-CF090AB44AF4}
		{090AB052-165F-44BE-8E16-B3725465BF64} = {646A8FB6-4A4C-4BFD-B205-CF090AB44AF4}
		{B0E3D181-2097-425F-89A1-E33BB19DD78D} = {F1A1A1A1-1A1A-1A1A-1A1A-1A1A1A1A1A1A}
		{AFA09812-B97D-4F5F-8392-7BBDC81273A7} = {F1A1A1A1-1A1A-1A1A-1A1A-1A1A1A1A1A1A}
		{D2861447-BEB4-47E7-9FDA-6CC969FA52D6} = {F1A1A1A1-1A1A-1A1A-1A1A-1A1A1A1A1A1A}
		{3398C8D6-74D3-4B1A-A64D-0D9CB14FBF66} = {F1A1A1A1-1A1A-1A1A-1A1A-1A1A1A1A1A1A}
		{01B0110F-42C0-45D3-8700-D9F610B82673} = {83F45A0E-898B-450E-B071-7804E854933A}
		{BCB51309-55F6-43F8-832A-17CBB6F3C690} = {646A8FB6-4A4C-4BFD-B205-CF090AB44AF4}
		{BF1C661D-2EB3-4B34-AF47-499901057136} = {646A8FB6-4A4C-4BFD-B205-CF090AB44AF4}
		{D5CE5BA9-E4F3-4978-A160-40D11E671FDE} = {83F45A0E-898B-450E-B071-7804E854933A}
		{4E1AD52C-277C-4A05-B57B-D31D7079AB73} = {83F45A0E-898B-450E-B071-7804E854933A}
		{A11B6C25-924B-4A49-A600-B62FCE0BF734} = {F1A1A1A1-1A1A-1A1A-1A1A-1A1A1A1A1A1A}
		{7E637B80-FE57-40BE-B763-1E0CA028F028} = {F1A1A1A1-1A1A-1A1A-1A1A-1A1A1A1A1A1A}
		{903378DE-09EA-451D-988B-A2EC6E2D5EE8} = {F1A1A1A1-1A1A-1A1A-1A1A-1A1A1A1A1A1A}
		{B6A690D3-6008-499A-BB99-1A71EA2064B0} = {F1A1A1A1-1A1A-1A1A-1A1A-1A1A1A1A1A1A}
		{A6CA77F2-48EA-43CA-A40F-023AEAFD39AC} = {F1A1A1A1-1A1A-1A1A-1A1A-1A1A1A1A1A1A}
		{2943E1C1-CE89-4A56-A350-6BA543B58A6F} = {F1A1A1A1-1A1A-1A1A-1A1A-1A1A1A1A1A1A}
		{B6CFB9B3-019D-4133-AB94-36F4D886DCC4} = {F1A1A1A1-1A1A-1A1A-1A1A-1A1A1A1A1A1A}
		{B9C34AC5-1F59-4A38-9E15-9A09DD87765D} = {F1A1A1A1-1A1A-1A1A-1A1A-1A1A1A1A1A1A}
		{ED2788DE-1B55-4809-9EF8-697F748320A3} = {F1A1A1A1-1A1A-1A1A-1A1A-1A1A1A1A1A1A}
		{E7A3AE80-D517-458A-88A8-76B0DF7333CA} = {F1A1A1A1-1A1A-1A1A-1A1A-1A1A1A1A1A1A}
		{B86D3ACD-508F-4475-8444-F7078A682412} = {F1A1A1A1-1A1A-1A1A-1A1A-1A1A1A1A1A1A}
		{E6BDE80A-3D1D-4B52-9196-75294DE12530} = {F1A1A1A1-1A1A-1A1A-1A1A-1A1A1A1A1A1A}
		{260BD041-A376-42D8-81A1-014ED1A17EFA} = {646A8FB6-4A4C-4BFD-B205-CF090AB44AF4}
		{91F9F174-2FCA-4118-B390-ACCAEF92B357} = {646A8FB6-4A4C-4BFD-B205-CF090AB44AF4}
		{9FC289DF-9C10-41D0-A86F-CF32B55EAA6C} = {646A8FB6-4A4C-4BFD-B205-CF090AB44AF4}
		{8882CADD-3659-4561-B18D-C4EDCA6D9832} = {646A8FB6-4A4C-4BFD-B205-CF090AB44AF4}
		{F1000000-0000-0000-0000-000000000001} = {F1A1A1A1-1A1A-1A1A-1A1A-1A1A1A1A1A1A}
		{F1000000-0000-0000-0000-000000000002} = {F1A1A1A1-1A1A-1A1A-1A1A-1A1A1A1A1A1A}
		{F1000000-0000-0000-0000-000000000003} = {F1A1A1A1-1A1A-1A1A-1A1A-1A1A1A1A1A1A}
		{F1000000-0000-0000-0000-000000000004} = {F1A1A1A1-1A1A-1A1A-1A1A-1A1A1A1A1A1A}
		{F1000000-0000-0000-0000-000000000005} = {F1A1A1A1-1A1A-1A1A-1A1A-1A1A1A1A1A1A}
		{P1000000-0000-0000-0000-000000000001} = {646A8FB6-4A4C-4BFD-B205-CF090AB44AF4}
	EndGlobalSection
EndGlobal
